// !$*UTF8*$!
{
	archiveVersion = 1;
	classes = {
	};
	objectVersion = 56;
	objects = {

/* Begin PBXBuildFile section */
		2E1728E52C8CF1C1003A92E9 /* FSCalendar in Frameworks */ = {isa = PBXBuildFile; productRef = 2E1728E42C8CF1C1003A92E9 /* FSCalendar */; };
		2E1728E72C8CF327003A92E9 /* ProcedureView.swift in Sources */ = {isa = PBXBuildFile; fileRef = 2E1728E62C8CF327003A92E9 /* ProcedureView.swift */; };
		2E77E05D2C7D15B2005F600B /* BeautyPlannerApp.swift in Sources */ = {isa = PBXBuildFile; fileRef = 2E77E05C2C7D15B2005F600B /* BeautyPlannerApp.swift */; };
		2E77E05F2C7D15B2005F600B /* ContentView.swift in Sources */ = {isa = PBXBuildFile; fileRef = 2E77E05E2C7D15B2005F600B /* ContentView.swift */; };
		2E77E0612C7D15B3005F600B /* Assets.xcassets in Resources */ = {isa = PBXBuildFile; fileRef = 2E77E0602C7D15B3005F600B /* Assets.xcassets */; };
		2E77E0642C7D15B3005F600B /* Preview Assets.xcassets in Resources */ = {isa = PBXBuildFile; fileRef = 2E77E0632C7D15B3005F600B /* Preview Assets.xcassets */; };
		2E77E06B2C7D16BE005F600B /* WelcomeView.swift in Sources */ = {isa = PBXBuildFile; fileRef = 2E77E06A2C7D16BE005F600B /* WelcomeView.swift */; };
		2E77E06D2C7D177E005F600B /* Colors.swift in Sources */ = {isa = PBXBuildFile; fileRef = 2E77E06C2C7D177E005F600B /* Colors.swift */; };
		2E77E06F2C7DCBEA005F600B /* MainScreenView.swift in Sources */ = {isa = PBXBuildFile; fileRef = 2E77E06E2C7DCBEA005F600B /* MainScreenView.swift */; };
		2E77E0712C7DCC35005F600B /* TabBarView.swift in Sources */ = {isa = PBXBuildFile; fileRef = 2E77E0702C7DCC35005F600B /* TabBarView.swift */; };
		2E77E0732C7DCD42005F600B /* Category.swift in Sources */ = {isa = PBXBuildFile; fileRef = 2E77E0722C7DCD41005F600B /* Category.swift */; };
		2E8CCD2C2C80F1DB00915881 /* CalendarView.swift in Sources */ = {isa = PBXBuildFile; fileRef = 2E8CCD2B2C80F1DB00915881 /* CalendarView.swift */; };
/* End PBXBuildFile section */

/* Begin PBXFileReference section */
		2E1728E62C8CF327003A92E9 /* ProcedureView.swift */ = {isa = PBXFileReference; lastKnownFileType = sourcecode.swift; path = ProcedureView.swift; sourceTree = "<group>"; };
		2E77E0592C7D15B2005F600B /* BeautyPlanner.app */ = {isa = PBXFileReference; explicitFileType = wrapper.application; includeInIndex = 0; path = BeautyPlanner.app; sourceTree = BUILT_PRODUCTS_DIR; };
		2E77E05C2C7D15B2005F600B /* BeautyPlannerApp.swift */ = {isa = PBXFileReference; lastKnownFileType = sourcecode.swift; path = BeautyPlannerApp.swift; sourceTree = "<group>"; };
		2E77E05E2C7D15B2005F600B /* ContentView.swift */ = {isa = PBXFileReference; lastKnownFileType = sourcecode.swift; path = ContentView.swift; sourceTree = "<group>"; };
		2E77E0602C7D15B3005F600B /* Assets.xcassets */ = {isa = PBXFileReference; lastKnownFileType = folder.assetcatalog; path = Assets.xcassets; sourceTree = "<group>"; };
		2E77E0632C7D15B3005F600B /* Preview Assets.xcassets */ = {isa = PBXFileReference; lastKnownFileType = folder.assetcatalog; path = "Preview Assets.xcassets"; sourceTree = "<group>"; };
		2E77E06A2C7D16BE005F600B /* WelcomeView.swift */ = {isa = PBXFileReference; lastKnownFileType = sourcecode.swift; path = WelcomeView.swift; sourceTree = "<group>"; };
		2E77E06C2C7D177E005F600B /* Colors.swift */ = {isa = PBXFileReference; lastKnownFileType = sourcecode.swift; path = Colors.swift; sourceTree = "<group>"; };
		2E77E06E2C7DCBEA005F600B /* MainScreenView.swift */ = {isa = PBXFileReference; lastKnownFileType = sourcecode.swift; path = MainScreenView.swift; sourceTree = "<group>"; };
		2E77E0702C7DCC35005F600B /* TabBarView.swift */ = {isa = PBXFileReference; lastKnownFileType = sourcecode.swift; path = TabBarView.swift; sourceTree = "<group>"; };
		2E77E0722C7DCD41005F600B /* Category.swift */ = {isa = PBXFileReference; lastKnownFileType = sourcecode.swift; path = Category.swift; sourceTree = "<group>"; };
		2E8CCD2B2C80F1DB00915881 /* CalendarView.swift */ = {isa = PBXFileReference; lastKnownFileType = sourcecode.swift; path = CalendarView.swift; sourceTree = "<group>"; };
/* End PBXFileReference section */

/* Begin PBXFrameworksBuildPhase section */
		2E77E0562C7D15B2005F600B /* Frameworks */ = {
			isa = PBXFrameworksBuildPhase;
			buildActionMask = 2147483647;
			files = (
				2E1728E52C8CF1C1003A92E9 /* FSCalendar in Frameworks */,
			);
			runOnlyForDeploymentPostprocessing = 0;
		};
/* End PBXFrameworksBuildPhase section */

/* Begin PBXGroup section */
		2E77E0502C7D15B2005F600B = {
			isa = PBXGroup;
			children = (
				2E77E05B2C7D15B2005F600B /* BeautyPlanner */,
				2E77E05A2C7D15B2005F600B /* Products */,
			);
			sourceTree = "<group>";
		};
		2E77E05A2C7D15B2005F600B /* Products */ = {
			isa = PBXGroup;
			children = (
				2E77E0592C7D15B2005F600B /* BeautyPlanner.app */,
			);
			name = Products;
			sourceTree = "<group>";
		};
		2E77E05B2C7D15B2005F600B /* BeautyPlanner */ = {
			isa = PBXGroup;
			children = (
				2E77E05C2C7D15B2005F600B /* BeautyPlannerApp.swift */,
				2E77E05E2C7D15B2005F600B /* ContentView.swift */,
				2E77E06A2C7D16BE005F600B /* WelcomeView.swift */,
				2E77E0702C7DCC35005F600B /* TabBarView.swift */,
				2E77E06E2C7DCBEA005F600B /* MainScreenView.swift */,
				2E8CCD2B2C80F1DB00915881 /* CalendarView.swift */,
				2E1728E62C8CF327003A92E9 /* ProcedureView.swift */,
				2E77E0722C7DCD41005F600B /* Category.swift */,
				2E77E06C2C7D177E005F600B /* Colors.swift */,
				2E77E0602C7D15B3005F600B /* Assets.xcassets */,
				2E77E0622C7D15B3005F600B /* Preview Content */,
			);
			path = BeautyPlanner;
			sourceTree = "<group>";
		};
		2E77E0622C7D15B3005F600B /* Preview Content */ = {
			isa = PBXGroup;
			children = (
				2E77E0632C7D15B3005F600B /* Preview Assets.xcassets */,
			);
			path = "Preview Content";
			sourceTree = "<group>";
		};
/* End PBXGroup section */

/* Begin PBXNativeTarget section */
		2E77E0582C7D15B2005F600B /* BeautyPlanner */ = {
			isa = PBXNativeTarget;
			buildConfigurationList = 2E77E0672C7D15B3005F600B /* Build configuration list for PBXNativeTarget "BeautyPlanner" */;
			buildPhases = (
				2E77E0552C7D15B2005F600B /* Sources */,
				2E77E0562C7D15B2005F600B /* Frameworks */,
				2E77E0572C7D15B2005F600B /* Resources */,
			);
			buildRules = (
			);
			dependencies = (
			);
			name = BeautyPlanner;
			packageProductDependencies = (
				2E1728E42C8CF1C1003A92E9 /* FSCalendar */,
			);
			productName = BeautyPlanner;
			productReference = 2E77E0592C7D15B2005F600B /* BeautyPlanner.app */;
			productType = "com.apple.product-type.application";
		};
/* End PBXNativeTarget section */

/* Begin PBXProject section */
		2E77E0512C7D15B2005F600B /* Project object */ = {
			isa = PBXProject;
			attributes = {
				BuildIndependentTargetsInParallel = 1;
				LastSwiftUpdateCheck = 1430;
				LastUpgradeCheck = 1430;
				TargetAttributes = {
					2E77E0582C7D15B2005F600B = {
						CreatedOnToolsVersion = 14.3.1;
					};
				};
			};
			buildConfigurationList = 2E77E0542C7D15B2005F600B /* Build configuration list for PBXProject "BeautyPlanner" */;
			compatibilityVersion = "Xcode 14.0";
			developmentRegion = en;
			hasScannedForEncodings = 0;
			knownRegions = (
				en,
				Base,
			);
			mainGroup = 2E77E0502C7D15B2005F600B;
			packageReferences = (
				2E1728E32C8CF1C1003A92E9 /* XCRemoteSwiftPackageReference "FSCalendar" */,
			);
			productRefGroup = 2E77E05A2C7D15B2005F600B /* Products */;
			projectDirPath = "";
			projectRoot = "";
			targets = (
				2E77E0582C7D15B2005F600B /* BeautyPlanner */,
			);
		};
/* End PBXProject section */

/* Begin PBXResourcesBuildPhase section */
		2E77E0572C7D15B2005F600B /* Resources */ = {
			isa = PBXResourcesBuildPhase;
			buildActionMask = 2147483647;
			files = (
				2E77E0642C7D15B3005F600B /* Preview Assets.xcassets in Resources */,
				2E77E0612C7D15B3005F600B /* Assets.xcassets in Resources */,
			);
			runOnlyForDeploymentPostprocessing = 0;
		};
/* End PBXResourcesBuildPhase section */

/* Begin PBXSourcesBuildPhase section */
		2E77E0552C7D15B2005F600B /* Sources */ = {
			isa = PBXSourcesBuildPhase;
			buildActionMask = 2147483647;
			files = (
				2E77E05F2C7D15B2005F600B /* ContentView.swift in Sources */,
				2E77E06F2C7DCBEA005F600B /* MainScreenView.swift in Sources */,
				2E8CCD2C2C80F1DB00915881 /* CalendarView.swift in Sources */,
				2E77E06D2C7D177E005F600B /* Colors.swift in Sources */,
				2E77E06B2C7D16BE005F600B /* WelcomeView.swift in Sources */,
				2E77E0712C7DCC35005F600B /* TabBarView.swift in Sources */,
				2E77E05D2C7D15B2005F600B /* BeautyPlannerApp.swift in Sources */,
				2E1728E72C8CF327003A92E9 /* ProcedureView.swift in Sources */,
				2E77E0732C7DCD42005F600B /* Category.swift in Sources */,
			);
			runOnlyForDeploymentPostprocessing = 0;
		};
/* End PBXSourcesBuildPhase section */

/* Begin XCBuildConfiguration section */
		2E77E0652C7D15B3005F600B /* Debug */ = {
			isa = XCBuildConfiguration;
			buildSettings = {
				ALWAYS_SEARCH_USER_PATHS = NO;
				CLANG_ANALYZER_NONNULL = YES;
				CLANG_ANALYZER_NUMBER_OBJECT_CONVERSION = YES_AGGRESSIVE;
				CLANG_CXX_LANGUAGE_STANDARD = "gnu++20";
				CLANG_ENABLE_MODULES = YES;
				CLANG_ENABLE_OBJC_ARC = YES;
				CLANG_ENABLE_OBJC_WEAK = YES;
				CLANG_WARN_BLOCK_CAPTURE_AUTORELEASING = YES;
				CLANG_WARN_BOOL_CONVERSION = YES;
				CLANG_WARN_COMMA = YES;
				CLANG_WARN_CONSTANT_CONVERSION = YES;
				CLANG_WARN_DEPRECATED_OBJC_IMPLEMENTATIONS = YES;
				CLANG_WARN_DIRECT_OBJC_ISA_USAGE = YES_ERROR;
				CLANG_WARN_DOCUMENTATION_COMMENTS = YES;
				CLANG_WARN_EMPTY_BODY = YES;
				CLANG_WARN_ENUM_CONVERSION = YES;
				CLANG_WARN_INFINITE_RECURSION = YES;
				CLANG_WARN_INT_CONVERSION = YES;
				CLANG_WARN_NON_LITERAL_NULL_CONVERSION = YES;
				CLANG_WARN_OBJC_IMPLICIT_RETAIN_SELF = YES;
				CLANG_WARN_OBJC_LITERAL_CONVERSION = YES;
				CLANG_WARN_OBJC_ROOT_CLASS = YES_ERROR;
				CLANG_WARN_QUOTED_INCLUDE_IN_FRAMEWORK_HEADER = YES;
				CLANG_WARN_RANGE_LOOP_ANALYSIS = YES;
				CLANG_WARN_STRICT_PROTOTYPES = YES;
				CLANG_WARN_SUSPICIOUS_MOVE = YES;
				CLANG_WARN_UNGUARDED_AVAILABILITY = YES_AGGRESSIVE;
				CLANG_WARN_UNREACHABLE_CODE = YES;
				CLANG_WARN__DUPLICATE_METHOD_MATCH = YES;
				COPY_PHASE_STRIP = NO;
				DEBUG_INFORMATION_FORMAT = dwarf;
				ENABLE_STRICT_OBJC_MSGSEND = YES;
				ENABLE_TESTABILITY = YES;
				GCC_C_LANGUAGE_STANDARD = gnu11;
				GCC_DYNAMIC_NO_PIC = NO;
				GCC_NO_COMMON_BLOCKS = YES;
				GCC_OPTIMIZATION_LEVEL = 0;
				GCC_PREPROCESSOR_DEFINITIONS = (
					"DEBUG=1",
					"$(inherited)",
				);
				GCC_WARN_64_TO_32_BIT_CONVERSION = YES;
				GCC_WARN_ABOUT_RETURN_TYPE = YES_ERROR;
				GCC_WARN_UNDECLARED_SELECTOR = YES;
				GCC_WARN_UNINITIALIZED_AUTOS = YES_AGGRESSIVE;
				GCC_WARN_UNUSED_FUNCTION = YES;
				GCC_WARN_UNUSED_VARIABLE = YES;
				IPHONEOS_DEPLOYMENT_TARGET = 16.4;
				MTL_ENABLE_DEBUG_INFO = INCLUDE_SOURCE;
				MTL_FAST_MATH = YES;
				ONLY_ACTIVE_ARCH = YES;
				SDKROOT = iphoneos;
				SWIFT_ACTIVE_COMPILATION_CONDITIONS = DEBUG;
				SWIFT_OPTIMIZATION_LEVEL = "-Onone";
			};
			name = Debug;
		};
		2E77E0662C7D15B3005F600B /* Release */ = {
			isa = XCBuildConfiguration;
			buildSettings = {
				ALWAYS_SEARCH_USER_PATHS = NO;
				CLANG_ANALYZER_NONNULL = YES;
				CLANG_ANALYZER_NUMBER_OBJECT_CONVERSION = YES_AGGRESSIVE;
				CLANG_CXX_LANGUAGE_STANDARD = "gnu++20";
				CLANG_ENABLE_MODULES = YES;
				CLANG_ENABLE_OBJC_ARC = YES;
				CLANG_ENABLE_OBJC_WEAK = YES;
				CLANG_WARN_BLOCK_CAPTURE_AUTORELEASING = YES;
				CLANG_WARN_BOOL_CONVERSION = YES;
				CLANG_WARN_COMMA = YES;
				CLANG_WARN_CONSTANT_CONVERSION = YES;
				CLANG_WARN_DEPRECATED_OBJC_IMPLEMENTATIONS = YES;
				CLANG_WARN_DIRECT_OBJC_ISA_USAGE = YES_ERROR;
				CLANG_WARN_DOCUMENTATION_COMMENTS = YES;
				CLANG_WARN_EMPTY_BODY = YES;
				CLANG_WARN_ENUM_CONVERSION = YES;
				CLANG_WARN_INFINITE_RECURSION = YES;
				CLANG_WARN_INT_CONVERSION = YES;
				CLANG_WARN_NON_LITERAL_NULL_CONVERSION = YES;
				CLANG_WARN_OBJC_IMPLICIT_RETAIN_SELF = YES;
				CLANG_WARN_OBJC_LITERAL_CONVERSION = YES;
				CLANG_WARN_OBJC_ROOT_CLASS = YES_ERROR;
				CLANG_WARN_QUOTED_INCLUDE_IN_FRAMEWORK_HEADER = YES;
				CLANG_WARN_RANGE_LOOP_ANALYSIS = YES;
				CLANG_WARN_STRICT_PROTOTYPES = YES;
				CLANG_WARN_SUSPICIOUS_MOVE = YES;
				CLANG_WARN_UNGUARDED_AVAILABILITY = YES_AGGRESSIVE;
				CLANG_WARN_UNREACHABLE_CODE = YES;
				CLANG_WARN__DUPLICATE_METHOD_MATCH = YES;
				COPY_PHASE_STRIP = NO;
				DEBUG_INFORMATION_FORMAT = "dwarf-with-dsym";
				ENABLE_NS_ASSERTIONS = NO;
				ENABLE_STRICT_OBJC_MSGSEND = YES;
				GCC_C_LANGUAGE_STANDARD = gnu11;
				GCC_NO_COMMON_BLOCKS = YES;
				GCC_WARN_64_TO_32_BIT_CONVERSION = YES;
				GCC_WARN_ABOUT_RETURN_TYPE = YES_ERROR;
				GCC_WARN_UNDECLARED_SELECTOR = YES;
				GCC_WARN_UNINITIALIZED_AUTOS = YES_AGGRESSIVE;
				GCC_WARN_UNUSED_FUNCTION = YES;
				GCC_WARN_UNUSED_VARIABLE = YES;
				IPHONEOS_DEPLOYMENT_TARGET = 16.4;
				MTL_ENABLE_DEBUG_INFO = NO;
				MTL_FAST_MATH = YES;
				SDKROOT = iphoneos;
				SWIFT_COMPILATION_MODE = wholemodule;
				SWIFT_OPTIMIZATION_LEVEL = "-O";
				VALIDATE_PRODUCT = YES;
			};
			name = Release;
		};
		2E77E0682C7D15B3005F600B /* Debug */ = {
			isa = XCBuildConfiguration;
			buildSettings = {
				ASSETCATALOG_COMPILER_APPICON_NAME = AppIcon;
				ASSETCATALOG_COMPILER_GLOBAL_ACCENT_COLOR_NAME = AccentColor;
				CODE_SIGN_STYLE = Automatic;
				CURRENT_PROJECT_VERSION = 1;
				DEVELOPMENT_ASSET_PATHS = "\"BeautyPlanner/Preview Content\"";
				ENABLE_PREVIEWS = YES;
				GENERATE_INFOPLIST_FILE = YES;
				INFOPLIST_KEY_UIApplicationSceneManifest_Generation = YES;
				INFOPLIST_KEY_UIApplicationSupportsIndirectInputEvents = YES;
				INFOPLIST_KEY_UILaunchScreen_Generation = YES;
				INFOPLIST_KEY_UISupportedInterfaceOrientations_iPad = "UIInterfaceOrientationPortrait UIInterfaceOrientationPortraitUpsideDown UIInterfaceOrientationLandscapeLeft UIInterfaceOrientationLandscapeRight";
				INFOPLIST_KEY_UISupportedInterfaceOrientations_iPhone = "UIInterfaceOrientationPortrait UIInterfaceOrientationLandscapeLeft UIInterfaceOrientationLandscapeRight";
				LD_RUNPATH_SEARCH_PATHS = (
					"$(inherited)",
					"@executable_path/Frameworks",
				);
				MARKETING_VERSION = 1.0;
				PRODUCT_BUNDLE_IDENTIFIER = MAizada.BeautyPlanner;
				PRODUCT_NAME = "$(TARGET_NAME)";
				SWIFT_EMIT_LOC_STRINGS = YES;
				SWIFT_VERSION = 5.0;
				TARGETED_DEVICE_FAMILY = "1,2";
			};
			name = Debug;
		};
		2E77E0692C7D15B3005F600B /* Release */ = {
			isa = XCBuildConfiguration;
			buildSettings = {
				ASSETCATALOG_COMPILER_APPICON_NAME = AppIcon;
				ASSETCATALOG_COMPILER_GLOBAL_ACCENT_COLOR_NAME = AccentColor;
				CODE_SIGN_STYLE = Automatic;
				CURRENT_PROJECT_VERSION = 1;
				DEVELOPMENT_ASSET_PATHS = "\"BeautyPlanner/Preview Content\"";
				ENABLE_PREVIEWS = YES;
				GENERATE_INFOPLIST_FILE = YES;
				INFOPLIST_KEY_UIApplicationSceneManifest_Generation = YES;
				INFOPLIST_KEY_UIApplicationSupportsIndirectInputEvents = YES;
				INFOPLIST_KEY_UILaunchScreen_Generation = YES;
				INFOPLIST_KEY_UISupportedInterfaceOrientations_iPad = "UIInterfaceOrientationPortrait UIInterfaceOrientationPortraitUpsideDown UIInterfaceOrientationLandscapeLeft UIInterfaceOrientationLandscapeRight";
				INFOPLIST_KEY_UISupportedInterfaceOrientations_iPhone = "UIInterfaceOrientationPortrait UIInterfaceOrientationLandscapeLeft UIInterfaceOrientationLandscapeRight";
				LD_RUNPATH_SEARCH_PATHS = (
					"$(inherited)",
					"@executable_path/Frameworks",
				);
				MARKETING_VERSION = 1.0;
				PRODUCT_BUNDLE_IDENTIFIER = MAizada.BeautyPlanner;
				PRODUCT_NAME = "$(TARGET_NAME)";
				SWIFT_EMIT_LOC_STRINGS = YES;
				SWIFT_VERSION = 5.0;
				TARGETED_DEVICE_FAMILY = "1,2";
			};
			name = Release;
		};
/* End XCBuildConfiguration section */

/* Begin XCConfigurationList section */
		2E77E0542C7D15B2005F600B /* Build configuration list for PBXProject "BeautyPlanner" */ = {
			isa = XCConfigurationList;
			buildConfigurations = (
				2E77E0652C7D15B3005F600B /* Debug */,
				2E77E0662C7D15B3005F600B /* Release */,
			);
			defaultConfigurationIsVisible = 0;
			defaultConfigurationName = Release;
		};
		2E77E0672C7D15B3005F600B /* Build configuration list for PBXNativeTarget "BeautyPlanner" */ = {
			isa = XCConfigurationList;
			buildConfigurations = (
				2E77E0682C7D15B3005F600B /* Debug */,
				2E77E0692C7D15B3005F600B /* Release */,
			);
			defaultConfigurationIsVisible = 0;
			defaultConfigurationName = Release;
		};
/* End XCConfigurationList section */

/* Begin XCRemoteSwiftPackageReference section */
		2E1728E32C8CF1C1003A92E9 /* XCRemoteSwiftPackageReference "FSCalendar" */ = {
			isa = XCRemoteSwiftPackageReference;
			repositoryURL = "https://github.com/WenchaoD/FSCalendar";
			requirement = {
				kind = upToNextMajorVersion;
				minimumVersion = 2.0.0;
			};
		};
/* End XCRemoteSwiftPackageReference section */

/* Begin XCSwiftPackageProductDependency section */
		2E1728E42C8CF1C1003A92E9 /* FSCalendar */ = {
			isa = XCSwiftPackageProductDependency;
			package = 2E1728E32C8CF1C1003A92E9 /* XCRemoteSwiftPackageReference "FSCalendar" */;
			productName = FSCalendar;
		};
/* End XCSwiftPackageProductDependency section */
	};
	rootObject = 2E77E0512C7D15B2005F600B /* Project object */;
}
